// !$*UTF8*$!
{
	archiveVersion = 1;
	classes = {
	};
	objectVersion = 48;
	objects = {

/* Begin PBXBuildFile section */
		7FFEED1B2072BF8F00795F5F /* AppDelegate.swift in Sources */ = {isa = PBXBuildFile; fileRef = 7FFEED1A2072BF8F00795F5F /* AppDelegate.swift */; };
		7FFEED1D2072BF8F00795F5F /* ViewController.swift in Sources */ = {isa = PBXBuildFile; fileRef = 7FFEED1C2072BF8F00795F5F /* ViewController.swift */; };
		7FFEED202072BF8F00795F5F /* Main.storyboard in Resources */ = {isa = PBXBuildFile; fileRef = 7FFEED1E2072BF8F00795F5F /* Main.storyboard */; };
		7FFEED222072BF8F00795F5F /* Assets.xcassets in Resources */ = {isa = PBXBuildFile; fileRef = 7FFEED212072BF8F00795F5F /* Assets.xcassets */; };
		7FFEED252072BF8F00795F5F /* LaunchScreen.storyboard in Resources */ = {isa = PBXBuildFile; fileRef = 7FFEED232072BF8F00795F5F /* LaunchScreen.storyboard */; };
		7FFEED2F2072C9E000795F5F /* Restaurant.swift in Sources */ = {isa = PBXBuildFile; fileRef = 7FFEED2E2072C9E000795F5F /* Restaurant.swift */; };
		F2135EF8208AA2D700BF1DE2 /* myListVC.swift in Sources */ = {isa = PBXBuildFile; fileRef = F2135EF7208AA2D700BF1DE2 /* myListVC.swift */; };
/* End PBXBuildFile section */

/* Begin PBXFileReference section */
		7FFEED172072BF8F00795F5F /* Hackwitch8.app */ = {isa = PBXFileReference; explicitFileType = wrapper.application; includeInIndex = 0; path = Hackwitch8.app; sourceTree = BUILT_PRODUCTS_DIR; };
		7FFEED1A2072BF8F00795F5F /* AppDelegate.swift */ = {isa = PBXFileReference; lastKnownFileType = sourcecode.swift; path = AppDelegate.swift; sourceTree = "<group>"; };
		7FFEED1C2072BF8F00795F5F /* ViewController.swift */ = {isa = PBXFileReference; lastKnownFileType = sourcecode.swift; path = ViewController.swift; sourceTree = "<group>"; };
		7FFEED1F2072BF8F00795F5F /* Base */ = {isa = PBXFileReference; lastKnownFileType = file.storyboard; name = Base; path = Base.lproj/Main.storyboard; sourceTree = "<group>"; };
		7FFEED212072BF8F00795F5F /* Assets.xcassets */ = {isa = PBXFileReference; lastKnownFileType = folder.assetcatalog; path = Assets.xcassets; sourceTree = "<group>"; };
		7FFEED242072BF8F00795F5F /* Base */ = {isa = PBXFileReference; lastKnownFileType = file.storyboard; name = Base; path = Base.lproj/LaunchScreen.storyboard; sourceTree = "<group>"; };
		7FFEED262072BF9000795F5F /* Info.plist */ = {isa = PBXFileReference; lastKnownFileType = text.plist.xml; path = Info.plist; sourceTree = "<group>"; };
		7FFEED2E2072C9E000795F5F /* Restaurant.swift */ = {isa = PBXFileReference; lastKnownFileType = sourcecode.swift; path = Restaurant.swift; sourceTree = "<group>"; };
		F2135EF7208AA2D700BF1DE2 /* myListVC.swift */ = {isa = PBXFileReference; lastKnownFileType = sourcecode.swift; path = myListVC.swift; sourceTree = "<group>"; };
/* End PBXFileReference section */

/* Begin PBXFrameworksBuildPhase section */
		7FFEED142072BF8F00795F5F /* Frameworks */ = {
			isa = PBXFrameworksBuildPhase;
			buildActionMask = 2147483647;
			files = (
			);
			runOnlyForDeploymentPostprocessing = 0;
		};
/* End PBXFrameworksBuildPhase section */

/* Begin PBXGroup section */
		7FFEED0E2072BF8F00795F5F = {
			isa = PBXGroup;
			children = (
				7FFEED192072BF8F00795F5F /* Hackwitch8 */,
				7FFEED182072BF8F00795F5F /* Products */,
			);
			sourceTree = "<group>";
		};
		7FFEED182072BF8F00795F5F /* Products */ = {
			isa = PBXGroup;
			children = (
				7FFEED172072BF8F00795F5F /* Hackwitch8.app */,
			);
			name = Products;
			sourceTree = "<group>";
		};
		7FFEED192072BF8F00795F5F /* Hackwitch8 */ = {
			isa = PBXGroup;
			children = (
				7FFEED2E2072C9E000795F5F /* Restaurant.swift */,
				7FFEED1A2072BF8F00795F5F /* AppDelegate.swift */,
				7FFEED1C2072BF8F00795F5F /* ViewController.swift */,
				7FFEED1E2072BF8F00795F5F /* Main.storyboard */,
				F2135EF7208AA2D700BF1DE2 /* myListVC.swift */,
				7FFEED212072BF8F00795F5F /* Assets.xcassets */,
				7FFEED232072BF8F00795F5F /* LaunchScreen.storyboard */,
				7FFEED262072BF9000795F5F /* Info.plist */,
			);
			path = Hackwitch8;
			sourceTree = "<group>";
		};
/* End PBXGroup section */

/* Begin PBXNativeTarget section */
		7FFEED162072BF8F00795F5F /* Hackwitch8 */ = {
			isa = PBXNativeTarget;
			buildConfigurationList = 7FFEED292072BF9000795F5F /* Build configuration list for PBXNativeTarget "Hackwitch8" */;
			buildPhases = (
				7FFEED132072BF8F00795F5F /* Sources */,
				7FFEED142072BF8F00795F5F /* Frameworks */,
				7FFEED152072BF8F00795F5F /* Resources */,
			);
			buildRules = (
			);
			dependencies = (
			);
			name = Hackwitch8;
			productName = Hackwitch8;
			productReference = 7FFEED172072BF8F00795F5F /* Hackwitch8.app */;
			productType = "com.apple.product-type.application";
		};
/* End PBXNativeTarget section */

/* Begin PBXProject section */
		7FFEED0F2072BF8F00795F5F /* Project object */ = {
			isa = PBXProject;
			attributes = {
				LastSwiftUpdateCheck = 0920;
				LastUpgradeCheck = 0920;
				ORGANIZATIONNAME = "CM Student";
				TargetAttributes = {
					7FFEED162072BF8F00795F5F = {
						CreatedOnToolsVersion = 9.2;
						ProvisioningStyle = Automatic;
					};
				};
			};
			buildConfigurationList = 7FFEED122072BF8F00795F5F /* Build configuration list for PBXProject "Hackwitch8" */;
			compatibilityVersion = "Xcode 8.0";
			developmentRegion = en;
			hasScannedForEncodings = 0;
			knownRegions = (
				en,
				Base,
			);
			mainGroup = 7FFEED0E2072BF8F00795F5F;
			productRefGroup = 7FFEED182072BF8F00795F5F /* Products */;
			projectDirPath = "";
			projectRoot = "";
			targets = (
				7FFEED162072BF8F00795F5F /* Hackwitch8 */,
			);
		};
/* End PBXProject section */

/* Begin PBXResourcesBuildPhase section */
		7FFEED152072BF8F00795F5F /* Resources */ = {
			isa = PBXResourcesBuildPhase;
			buildActionMask = 2147483647;
			files = (
				7FFEED252072BF8F00795F5F /* LaunchScreen.storyboard in Resources */,
				7FFEED222072BF8F00795F5F /* Assets.xcassets in Resources */,
				7FFEED202072BF8F00795F5F /* Main.storyboard in Resources */,
			);
			runOnlyForDeploymentPostprocessing = 0;
		};
/* End PBXResourcesBuildPhase section */

/* Begin PBXSourcesBuildPhase section */
		7FFEED132072BF8F00795F5F /* Sources */ = {
			isa = PBXSourcesBuildPhase;
			buildActionMask = 2147483647;
			files = (
				F2135EF8208AA2D700BF1DE2 /* myListVC.swift in Sources */,
				7FFEED1D2072BF8F00795F5F /* ViewController.swift in Sources */,
				7FFEED1B2072BF8F00795F5F /* AppDelegate.swift in Sources */,
				7FFEED2F2072C9E000795F5F /* Restaurant.swift in Sources */,
			);
			runOnlyForDeploymentPostprocessing = 0;
		};
/* End PBXSourcesBuildPhase section */

/* Begin PBXVariantGroup section */
		7FFEED1E2072BF8F00795F5F /* Main.storyboard */ = {
			isa = PBXVariantGroup;
			children = (
				7FFEED1F2072BF8F00795F5F /* Base */,
			);
			name = Main.storyboard;
			sourceTree = "<group>";
		};
		7FFEED232072BF8F00795F5F /* LaunchScreen.storyboard */ = {
			isa = PBXVariantGroup;
			children = (
				7FFEED242072BF8F00795F5F /* Base */,
			);
			name = LaunchScreen.storyboard;
			sourceTree = "<group>";
		};
/* End PBXVariantGroup section */

/* Begin XCBuildConfiguration section */
		7FFEED272072BF9000795F5F /* Debug */ = {
			isa = XCBuildConfiguration;
			buildSettings = {
				ALWAYS_SEARCH_USER_PATHS = NO;
				CLANG_ANALYZER_NONNULL = YES;
				CLANG_ANALYZER_NUMBER_OBJECT_CONVERSION = YES_AGGRESSIVE;
				CLANG_CXX_LANGUAGE_STANDARD = "gnu++14";
				CLANG_CXX_LIBRARY = "libc++";
				CLANG_ENABLE_MODULES = YES;
				CLANG_ENABLE_OBJC_ARC = YES;
				CLANG_WARN_BLOCK_CAPTURE_AUTORELEASING = YES;
				CLANG_WARN_BOOL_CONVERSION = YES;
				CLANG_WARN_COMMA = YES;
				CLANG_WARN_CONSTANT_CONVERSION = YES;
				CLANG_WARN_DIRECT_OBJC_ISA_USAGE = YES_ERROR;
				CLANG_WARN_DOCUMENTATION_COMMENTS = YES;
				CLANG_WARN_EMPTY_BODY = YES;
				CLANG_WARN_ENUM_CONVERSION = YES;
				CLANG_WARN_INFINITE_RECURSION = YES;
				CLANG_WARN_INT_CONVERSION = YES;
				CLANG_WARN_NON_LITERAL_NULL_CONVERSION = YES;
				CLANG_WARN_OBJC_LITERAL_CONVERSION = YES;
				CLANG_WARN_OBJC_ROOT_CLASS = YES_ERROR;
				CLANG_WARN_RANGE_LOOP_ANALYSIS = YES;
				CLANG_WARN_STRICT_PROTOTYPES = YES;
				CLANG_WARN_SUSPICIOUS_MOVE = YES;
				CLANG_WARN_UNGUARDED_AVAILABILITY = YES_AGGRESSIVE;
				CLANG_WARN_UNREACHABLE_CODE = YES;
				CLANG_WARN__DUPLICATE_METHOD_MATCH = YES;
				CODE_SIGN_IDENTITY = "iPhone Developer";
				COPY_PHASE_STRIP = NO;
				DEBUG_INFORMATION_FORMAT = dwarf;
				ENABLE_STRICT_OBJC_MSGSEND = YES;
				ENABLE_TESTABILITY = YES;
				GCC_C_LANGUAGE_STANDARD = gnu11;
				GCC_DYNAMIC_NO_PIC = NO;
				GCC_NO_COMMON_BLOCKS = YES;
				GCC_OPTIMIZATION_LEVEL = 0;
				GCC_PREPROCESSOR_DEFINITIONS = (
					"DEBUG=1",
					"$(inherited)",
				);
				GCC_WARN_64_TO_32_BIT_CONVERSION = YES;
				GCC_WARN_ABOUT_RETURN_TYPE = YES_ERROR;
				GCC_WARN_UNDECLARED_SELECTOR = YES;
				GCC_WARN_UNINITIALIZED_AUTOS = YES_AGGRESSIVE;
				GCC_WARN_UNUSED_FUNCTION = YES;
				GCC_WARN_UNUSED_VARIABLE = YES;
				IPHONEOS_DEPLOYMENT_TARGET = 11.2;
				MTL_ENABLE_DEBUG_INFO = YES;
				ONLY_ACTIVE_ARCH = YES;
				SDKROOT = iphoneos;
				SWIFT_ACTIVE_COMPILATION_CONDITIONS = DEBUG;
				SWIFT_OPTIMIZATION_LEVEL = "-Onone";
			};
			name = Debug;
		};
		7FFEED282072BF9000795F5F /* Release */ = {
			isa = XCBuildConfiguration;
			buildSettings = {
				ALWAYS_SEARCH_USER_PATHS = NO;
				CLANG_ANALYZER_NONNULL = YES;
				CLANG_ANALYZER_NUMBER_OBJECT_CONVERSION = YES_AGGRESSIVE;
				CLANG_CXX_LANGUAGE_STANDARD = "gnu++14";
				CLANG_CXX_LIBRARY = "libc++";
				CLANG_ENABLE_MODULES = YES;
				CLANG_ENABLE_OBJC_ARC = YES;
				CLANG_WARN_BLOCK_CAPTURE_AUTORELEASING = YES;
				CLANG_WARN_BOOL_CONVERSION = YES;
				CLANG_WARN_COMMA = YES;
				CLANG_WARN_CONSTANT_CONVERSION = YES;
				CLANG_WARN_DIRECT_OBJC_ISA_USAGE = YES_ERROR;
				CLANG_WARN_DOCUMENTATION_COMMENTS = YES;
				CLANG_WARN_EMPTY_BODY = YES;
				CLANG_WARN_ENUM_CONVERSION = YES;
				CLANG_WARN_INFINITE_RECURSION = YES;
				CLANG_WARN_INT_CONVERSION = YES;
				CLANG_WARN_NON_LITERAL_NULL_CONVERSION = YES;
				CLANG_WARN_OBJC_LITERAL_CONVERSION = YES;
				CLANG_WARN_OBJC_ROOT_CLASS = YES_ERROR;
				CLANG_WARN_RANGE_LOOP_ANALYSIS = YES;
				CLANG_WARN_STRICT_PROTOTYPES = YES;
				CLANG_WARN_SUSPICIOUS_MOVE = YES;
				CLANG_WARN_UNGUARDED_AVAILABILITY = YES_AGGRESSIVE;
				CLANG_WARN_UNREACHABLE_CODE = YES;
				CLANG_WARN__DUPLICATE_METHOD_MATCH = YES;
				CODE_SIGN_IDENTITY = "iPhone Developer";
				COPY_PHASE_STRIP = NO;
				DEBUG_INFORMATION_FORMAT = "dwarf-with-dsym";
				ENABLE_NS_ASSERTIONS = NO;
				ENABLE_STRICT_OBJC_MSGSEND = YES;
				GCC_C_LANGUAGE_STANDARD = gnu11;
				GCC_NO_COMMON_BLOCKS = YES;
				GCC_WARN_64_TO_32_BIT_CONVERSION = YES;
				GCC_WARN_ABOUT_RETURN_TYPE = YES_ERROR;
				GCC_WARN_UNDECLARED_SELECTOR = YES;
				GCC_WARN_UNINITIALIZED_AUTOS = YES_AGGRESSIVE;
				GCC_WARN_UNUSED_FUNCTION = YES;
				GCC_WARN_UNUSED_VARIABLE = YES;
				IPHONEOS_DEPLOYMENT_TARGET = 11.2;
				MTL_ENABLE_DEBUG_INFO = NO;
				SDKROOT = iphoneos;
				SWIFT_OPTIMIZATION_LEVEL = "-Owholemodule";
				VALIDATE_PRODUCT = YES;
			};
			name = Release;
		};
		7FFEED2A2072BF9000795F5F /* Debug */ = {
			isa = XCBuildConfiguration;
			buildSettings = {
				ASSETCATALOG_COMPILER_APPICON_NAME = AppIcon;
				CODE_SIGN_STYLE = Automatic;
				INFOPLIST_FILE = Hackwitch8/Info.plist;
				LD_RUNPATH_SEARCH_PATHS = "$(inherited) @executable_path/Frameworks";
				PRODUCT_BUNDLE_IDENTIFIER = UHWO.Hackwitch8;
				PRODUCT_NAME = "$(TARGET_NAME)";
				SWIFT_VERSION = 4.0;
				TARGETED_DEVICE_FAMILY = "1,2";
			};
			name = Debug;
		};
		7FFEED2B2072BF9000795F5F /* Release */ = {
			isa = XCBuildConfiguration;
			buildSettings = {
				ASSETCATALOG_COMPILER_APPICON_NAME = AppIcon;
				CODE_SIGN_STYLE = Automatic;
				INFOPLIST_FILE = Hackwitch8/Info.plist;
				LD_RUNPATH_SEARCH_PATHS = "$(inherited) @executable_path/Frameworks";
				PRODUCT_BUNDLE_IDENTIFIER = UHWO.Hackwitch8;
				PRODUCT_NAME = "$(TARGET_NAME)";
				SWIFT_VERSION = 4.0;
				TARGETED_DEVICE_FAMILY = "1,2";
			};
			name = Release;
		};
/* End XCBuildConfiguration section */

/* Begin XCConfigurationList section */
		7FFEED122072BF8F00795F5F /* Build configuration list for PBXProject "Hackwitch8" */ = {
			isa = XCConfigurationList;
			buildConfigurations = (
				7FFEED272072BF9000795F5F /* Debug */,
				7FFEED282072BF9000795F5F /* Release */,
			);
			defaultConfigurationIsVisible = 0;
			defaultConfigurationName = Release;
		};
		7FFEED292072BF9000795F5F /* Build configuration list for PBXNativeTarget "Hackwitch8" */ = {
			isa = XCConfigurationList;
			buildConfigurations = (
				7FFEED2A2072BF9000795F5F /* Debug */,
				7FFEED2B2072BF9000795F5F /* Release */,
			);
			defaultConfigurationIsVisible = 0;
			defaultConfigurationName = Release;
		};
/* End XCConfigurationList section */
	};
	rootObject = 7FFEED0F2072BF8F00795F5F /* Project object */;
}
